# This file is automatically @generated by Poetry 2.2.1 and should not be changed by hand.

[[package]]
name = "colorama"
version = "0.4.6"
description = "Cross-platform colored terminal text."
optional = false
python-versions = "!=3.0.*,!=3.1.*,!=3.2.*,!=3.3.*,!=3.4.*,!=3.5.*,!=3.6.*,>=2.7"
groups = ["dev"]
markers = "sys_platform == \"win32\""
files = [
    {file = "colorama-0.4.6-py2.py3-none-any.whl", hash = "sha256:4f1d9991f5acc0ca119f9d443620b77f9d6b33703e51011c16baf57afb285fc6"},
    {file = "colorama-0.4.6.tar.gz", hash = "sha256:08695f5cb7ed6e0531a20572697297273c47b8cae5a63ffc6d6ed5c201be6e44"},
]

[[package]]
name = "flake8"
version = "7.3.0"
description = "the modular source code checker: pep8 pyflakes and co"
optional = false
python-versions = ">=3.9"
groups = ["dev"]
files = [
    {file = "flake8-7.3.0-py2.py3-none-any.whl", hash = "sha256:b9696257b9ce8beb888cdbe31cf885c90d31928fe202be0889a7cdafad32f01e"},
    {file = "flake8-7.3.0.tar.gz", hash = "sha256:fe044858146b9fc69b551a4b490d69cf960fcb78ad1edcb84e7fbb1b4a8e3872"},
]

[package.dependencies]
mccabe = ">=0.7.0,<0.8.0"
pycodestyle = ">=2.14.0,<2.15.0"
pyflakes = ">=3.4.0,<3.5.0"

[[package]]
name = "iniconfig"
version = "2.3.0"
description = "brain-dead simple config-ini parsing"
optional = false
python-versions = ">=3.10"
groups = ["dev"]
files = [
    {file = "iniconfig-2.3.0-py3-none-any.whl", hash = "sha256:f631c04d2c48c52b84d0d0549c99ff3859c98df65b3101406327ecc7d53fbf12"},
    {file = "iniconfig-2.3.0.tar.gz", hash = "sha256:c76315c77db068650d49c5b56314774a7804df16fee4402c1f19d6d15d8c4730"},
]

[[package]]
name = "mccabe"
version = "0.7.0"
description = "McCabe checker, plugin for flake8"
optional = false
python-versions = ">=3.6"
groups = ["dev"]
files = [
    {file = "mccabe-0.7.0-py2.py3-none-any.whl", hash = "sha256:6c2d30ab6be0e4a46919781807b4f0d834ebdd6c6e3dca0bda5a15f863427b6e"},
    {file = "mccabe-0.7.0.tar.gz", hash = "sha256:348e0240c33b60bbdf4e523192ef919f28cb2c3d7d5c7794f74009290f236325"},
]

[[package]]
name = "packaging"
version = "26.0"
description = "Core utilities for Python packages"
optional = false
python-versions = ">=3.8"
groups = ["dev"]
files = [
    {file = "packaging-26.0-py3-none-any.whl", hash = "sha256:b36f1fef9334a5588b4166f8bcd26a14e521f2b55e6b9de3aaa80d3ff7a37529"},
    {file = "packaging-26.0.tar.gz", hash = "sha256:00243ae351a257117b6a241061796684b084ed1c516a08c48a3f7e147a9d80b4"},
]

[[package]]
name = "pluggy"
version = "1.6.0"
description = "plugin and hook calling mechanisms for python"
optional = false
python-versions = ">=3.9"
groups = ["dev"]
files = [
    {file = "pluggy-1.6.0-py3-none-any.whl", hash = "sha256:e920276dd6813095e9377c0bc5566d94c932c33b27a3e3945d8389c374dd4746"},
    {file = "pluggy-1.6.0.tar.gz", hash = "sha256:7dcc130b76258d33b90f61b658791dede3486c3e6bfb003ee5c9bfb396dd22f3"},
]

[package.extras]
dev = ["pre-commit", "tox"]
testing = ["coverage", "pytest", "pytest-benchmark"]

[[package]]
name = "pycodestyle"
version = "2.14.0"
description = "Python style guide checker"
optional = false
python-versions = ">=3.9"
groups = ["dev"]
files = [
    {file = "pycodestyle-2.14.0-py2.py3-none-any.whl", hash = "sha256:dd6bf7cb4ee77f8e016f9c8e74a35ddd9f67e1d5fd4184d86c3b98e07099f42d"},
    {file = "pycodestyle-2.14.0.tar.gz", hash = "sha256:c4b5b517d278089ff9d0abdec919cd97262a3367449ea1c8b49b91529167b783"},
]

[[package]]
name = "pyflakes"
version = "3.4.0"
description = "passive checker of Python programs"
optional = false
python-versions = ">=3.9"
groups = ["dev"]
files = [
    {file = "pyflakes-3.4.0-py2.py3-none-any.whl", hash = "sha256:f742a7dbd0d9cb9ea41e9a24a918996e8170c799fa528688d40dd582c8265f4f"},
    {file = "pyflakes-3.4.0.tar.gz", hash = "sha256:b24f96fafb7d2ab0ec5075b7350b3d2d2218eab42003821c06344973d3ea2f58"},
]

[[package]]
name = "pygments"
version = "2.19.2"
description = "Pygments is a syntax highlighting package written in Python."
optional = false
python-versions = ">=3.8"
groups = ["dev"]
files = [
    {file = "pygments-2.19.2-py3-none-any.whl", hash = "sha256:86540386c03d588bb81d44bc3928634ff26449851e99741617ecb9037ee5ec0b"},
    {file = "pygments-2.19.2.tar.gz", hash = "sha256:636cb2477cec7f8952536970bc533bc43743542f70392ae026374600add5b887"},
]

[package.extras]
windows-terminal = ["colorama (>=0.4.6)"]

[[package]]
name = "pytest"
version = "9.0.2"
description = "pytest: simple powerful testing with Python"
optional = false
python-versions = ">=3.10"
groups = ["dev"]
files = [
    {file = "pytest-9.0.2-py3-none-any.whl", hash = "sha256:711ffd45bf766d5264d487b917733b453d917afd2b0ad65223959f59089f875b"},
    {file = "pytest-9.0.2.tar.gz", hash = "sha256:75186651a92bd89611d1d9fc20f0b4345fd827c41ccd5c299a868a05d70edf11"},
]

[package.dependencies]
colorama = {version = ">=0.4", markers = "sys_platform == \"win32\""}
iniconfig = ">=1.0.1"
packaging = ">=22"
pluggy = ">=1.5,<2"
pygments = ">=2.7.2"

[package.extras]
dev = ["argcomplete", "attrs (>=19.2)", "hypothesis (>=3.56)", "mock", "requests", "setuptools", "xmlschema"]

[metadata]
lock-version = "2.1"
python-versions = ">=3.12"
content-hash = "75265641fd1a3f2a4d608312a3879427b7141ac2a51d0873da5711cbc8ead28e"
